
Microsoft Visual Studio Solution File, Format Version 12.00
# Visual Studio 15
VisualStudioVersion = 15.0.27428.2011
MinimumVisualStudioVersion = 10.0.40219.1
Project("{FAE04EC0-301F-11D3-BF4B-00C04F79EFBC}") = "ConsumerRestCustomerClient", "ConsumerRestCustomerClient\ConsumerRestCustomerClient.csproj", "{751DA471-762E-4EA0-A1BE-5BA67FD534FB}"
EndProject
Global
	GlobalSection(SolutionConfigurationPlatforms) = preSolution
		Debug|Any CPU = Debug|Any CPU
		Release|Any CPU = Release|Any CPU
	EndGlobalSection
	GlobalSection(ProjectConfigurationPlatforms) = postSolution
		{751DA471-762E-4EA0-A1BE-5BA67FD534FB}.Debug|Any CPU.ActiveCfg = Debug|Any CPU
		{751DA471-762E-4EA0-A1BE-5BA67FD534FB}.Debug|Any CPU.Build.0 = Debug|Any CPU
		{751DA471-762E-4EA0-A1BE-5BA67FD534FB}.Release|Any CPU.ActiveCfg = Release|Any CPU
		{751DA471-762E-4EA0-A1BE-5BA67FD534FB}.Release|Any CPU.Build.0 = Release|Any CPU
	EndGlobalSection
	GlobalSection(SolutionProperties) = preSolution
		HideSolutionNode = FALSE
	EndGlobalSection
	GlobalSection(ExtensibilityGlobals) = postSolution
		SolutionGuid = {578A4D24-F845-4690-A071-C1B17CA70AA7}
	EndGlobalSection
EndGlobal
