
Microsoft Visual Studio Solution File, Format Version 12.00
# Visual Studio 15
VisualStudioVersion = 15.0.27428.2011
MinimumVisualStudioVersion = 10.0.40219.1
Project("{FAE04EC0-301F-11D3-BF4B-00C04F79EFBC}") = "RestCostumerService", "RestCostumerService\RestCostumerService.csproj", "{03901B1E-2490-4E00-9486-18A6A01B8234}"
EndProject
Global
	GlobalSection(SolutionConfigurationPlatforms) = preSolution
		Debug|Any CPU = Debug|Any CPU
		Release|Any CPU = Release|Any CPU
	EndGlobalSection
	GlobalSection(ProjectConfigurationPlatforms) = postSolution
		{03901B1E-2490-4E00-9486-18A6A01B8234}.Debug|Any CPU.ActiveCfg = Debug|Any CPU
		{03901B1E-2490-4E00-9486-18A6A01B8234}.Debug|Any CPU.Build.0 = Debug|Any CPU
		{03901B1E-2490-4E00-9486-18A6A01B8234}.Release|Any CPU.ActiveCfg = Release|Any CPU
		{03901B1E-2490-4E00-9486-18A6A01B8234}.Release|Any CPU.Build.0 = Release|Any CPU
	EndGlobalSection
	GlobalSection(SolutionProperties) = preSolution
		HideSolutionNode = FALSE
	EndGlobalSection
	GlobalSection(ExtensibilityGlobals) = postSolution
		SolutionGuid = {10AD3346-BA84-4C67-AF2D-0BAEABFC11B6}
	EndGlobalSection
EndGlobal
